
Microsoft Visual Studio Solution File, Format Version 12.00
# Visual Studio Version 16
VisualStudioVersion = 16.0.30907.101
MinimumVisualStudioVersion = 10.0.40219.1
Project("{9A19103F-16F7-4668-BE54-9A1E7A4F7556}") = "Maskinliste.Server", "Maskinliste\Server\Maskinliste.Server.csproj", "{1C1A18E5-5C2D-45CC-9271-46F96B21A445}"
EndProject
Project("{9A19103F-16F7-4668-BE54-9A1E7A4F7556}") = "Maskinliste.Client", "Maskinliste\Client\Maskinliste.Client.csproj", "{06C27F10-A2AF-435C-BA26-F51741ACDA49}"
EndProject
Project("{9A19103F-16F7-4668-BE54-9A1E7A4F7556}") = "Maskinliste.Shared", "Maskinliste\Shared\Maskinliste.Shared.csproj", "{EE3FB12C-B297-4641-AE90-BDFC282B7706}"
EndProject
Global
	GlobalSection(SolutionConfigurationPlatforms) = preSolution
		Debug|Any CPU = Debug|Any CPU
		Release|Any CPU = Release|Any CPU
	EndGlobalSection
	GlobalSection(ProjectConfigurationPlatforms) = postSolution
		{1C1A18E5-5C2D-45CC-9271-46F96B21A445}.Debug|Any CPU.ActiveCfg = Debug|Any CPU
		{1C1A18E5-5C2D-45CC-9271-46F96B21A445}.Debug|Any CPU.Build.0 = Debug|Any CPU
		{1C1A18E5-5C2D-45CC-9271-46F96B21A445}.Release|Any CPU.ActiveCfg = Release|Any CPU
		{1C1A18E5-5C2D-45CC-9271-46F96B21A445}.Release|Any CPU.Build.0 = Release|Any CPU
		{06C27F10-A2AF-435C-BA26-F51741ACDA49}.Debug|Any CPU.ActiveCfg = Debug|Any CPU
		{06C27F10-A2AF-435C-BA26-F51741ACDA49}.Debug|Any CPU.Build.0 = Debug|Any CPU
		{06C27F10-A2AF-435C-BA26-F51741ACDA49}.Release|Any CPU.ActiveCfg = Release|Any CPU
		{06C27F10-A2AF-435C-BA26-F51741ACDA49}.Release|Any CPU.Build.0 = Release|Any CPU
		{EE3FB12C-B297-4641-AE90-BDFC282B7706}.Debug|Any CPU.ActiveCfg = Debug|Any CPU
		{EE3FB12C-B297-4641-AE90-BDFC282B7706}.Debug|Any CPU.Build.0 = Debug|Any CPU
		{EE3FB12C-B297-4641-AE90-BDFC282B7706}.Release|Any CPU.ActiveCfg = Release|Any CPU
		{EE3FB12C-B297-4641-AE90-BDFC282B7706}.Release|Any CPU.Build.0 = Release|Any CPU
	EndGlobalSection
	GlobalSection(SolutionProperties) = preSolution
		HideSolutionNode = FALSE
	EndGlobalSection
	GlobalSection(ExtensibilityGlobals) = postSolution
		SolutionGuid = {1A67E54C-B473-4DFE-904C-96E4D6E2CAFF}
	EndGlobalSection
EndGlobal
